
Microsoft Visual Studio Solution File, Format Version 12.00
# Visual Studio 15
Project("{FAE04EC0-301F-11D3-BF4B-00C04F79EFBC}") = "Puisi", "Puisi.csproj", "{CBB4E5FF-96F2-25F8-EC98-2A8E3FBDF73B}"
EndProject
Global
	GlobalSection(SolutionConfigurationPlatforms) = preSolution
		Debug|Any CPU = Debug|Any CPU
		Release|Any CPU = Release|Any CPU
	EndGlobalSection
	GlobalSection(ProjectConfigurationPlatforms) = postSolution
		{CBB4E5FF-96F2-25F8-EC98-2A8E3FBDF73B}.Debug|Any CPU.ActiveCfg = Debug|Any CPU
		{CBB4E5FF-96F2-25F8-EC98-2A8E3FBDF73B}.Debug|Any CPU.Build.0 = Debug|Any CPU
		{CBB4E5FF-96F2-25F8-EC98-2A8E3FBDF73B}.Release|Any CPU.ActiveCfg = Release|Any CPU
		{CBB4E5FF-96F2-25F8-EC98-2A8E3FBDF73B}.Release|Any CPU.Build.0 = Release|Any CPU
	EndGlobalSection
	GlobalSection(SolutionProperties) = preSolution
		HideSolutionNode = FALSE
	EndGlobalSection
EndGlobal
